
Microsoft Visual Studio Solution File, Format Version 12.00
# Visual Studio 14
VisualStudioVersion = 14.0.25123.0
MinimumVisualStudioVersion = 10.0.40219.1
Project("{312885F8-CBD0-4C94-8D16-9A31E35AD31C}") = "Sitecore.Support.298164", "Sitecore.Support.298164\Sitecore.Support.298164.csproj", "{EAC71EE0-F219-44E6-859B-55844BA77524}"
EndProject
Global
	GlobalSection(SolutionConfigurationPlatforms) = preSolution
		Debug|Any CPU = Debug|Any CPU
		Release|Any CPU = Release|Any CPU
	EndGlobalSection
	GlobalSection(ProjectConfigurationPlatforms) = postSolution
		{EAC71EE0-F219-44E6-859B-55844BA77524}.Debug|Any CPU.ActiveCfg = Debug|Any CPU
		{EAC71EE0-F219-44E6-859B-55844BA77524}.Debug|Any CPU.Build.0 = Debug|Any CPU
		{EAC71EE0-F219-44E6-859B-55844BA77524}.Release|Any CPU.ActiveCfg = Release|Any CPU
		{EAC71EE0-F219-44E6-859B-55844BA77524}.Release|Any CPU.Build.0 = Release|Any CPU
	EndGlobalSection
	GlobalSection(SolutionProperties) = preSolution
		HideSolutionNode = FALSE
	EndGlobalSection
EndGlobal
